
Microsoft Visual Studio Solution File, Format Version 12.00
# Visual Studio 15
VisualStudioVersion = 15.0.27130.2036
MinimumVisualStudioVersion = 10.0.40219.1
Project("{FAE04EC0-301F-11D3-BF4B-00C04F79EFBC}") = "CZB.Web", "CZB.Web\CZB.Web.csproj", "{233EF633-407C-47FF-B645-9DBE81D26F48}"
EndProject
Project("{FAE04EC0-301F-11D3-BF4B-00C04F79EFBC}") = "CZB.Model", "CZB.Model\CZB.Model.csproj", "{AF4AF262-8AF1-4C2A-8AC3-BF722BBAC0DC}"
EndProject
Project("{FAE04EC0-301F-11D3-BF4B-00C04F79EFBC}") = "CZB.Common", "CZB.Common\CZB.Common.csproj", "{59CD873E-A9C7-46BE-AAFF-43BF2CF613AA}"
EndProject
Project("{FAE04EC0-301F-11D3-BF4B-00C04F79EFBC}") = "CZB.Config", "CZB.Config\CZB.Config.csproj", "{87BFDACF-049B-4D26-959A-1A08B6065D36}"
EndProject
Project("{FAE04EC0-301F-11D3-BF4B-00C04F79EFBC}") = "CZB.DAL.SqlServer", "CZB.DAL.SqlServer\CZB.DAL.SqlServer.csproj", "{4E38316F-325C-4F4D-971B-D8F49318FC94}"
EndProject
Project("{FAE04EC0-301F-11D3-BF4B-00C04F79EFBC}") = "CZB.BLL", "CZB.BLL\CZB.BLL.csproj", "{4BC91731-ECE2-49A0-A52B-77098E8745E7}"
EndProject
Project("{FAE04EC0-301F-11D3-BF4B-00C04F79EFBC}") = "CZB.IDAL", "CZB.IDAL\CZB.IDAL.csproj", "{6B954FC5-70D9-46F2-BC8F-76A165BA6959}"
EndProject
Project("{FAE04EC0-301F-11D3-BF4B-00C04F79EFBC}") = "CZB.Web.WeXin.CommonService", "CZB.Web.WeXin.CommonService\CZB.Web.WeXin.CommonService.csproj", "{845057CF-6DD8-46AC-B036-AEB74BB402E7}"
EndProject
Project("{FAE04EC0-301F-11D3-BF4B-00C04F79EFBC}") = "CZB.Web.WeChat", "CZB.Web.WeChat\CZB.Web.WeChat.csproj", "{34253058-C187-4D96-88F3-84BE8688D8B3}"
EndProject
Project("{FAE04EC0-301F-11D3-BF4B-00C04F79EFBC}") = "CZB.Web.WeChat.Test", "CZB.Web.WeChat.Test\CZB.Web.WeChat.Test.csproj", "{39A27BB2-35D9-49B2-B7B5-EB229315DA37}"
EndProject
Project("{FAE04EC0-301F-11D3-BF4B-00C04F79EFBC}") = "CZB.Web.Api", "CZB.Web.Api\CZB.Web.Api.csproj", "{BAA24E8D-8957-418F-9E0D-FCE3464D3A28}"
EndProject
Project("{FAE04EC0-301F-11D3-BF4B-00C04F79EFBC}") = "CZB.Web.Api.Test", "CZB.Web.Api.Test\CZB.Web.Api.Test.csproj", "{CD82C782-B398-4411-A02A-C8955B9BB035}"
EndProject
Project("{262852C6-CD72-467D-83FE-5EEB1973A190}") = "CZB.Hybrid.App", "CZB.Hybrid.App\CZB.Hybrid.App.jsproj", "{65AF5A08-FB23-4FC5-81D7-38946BAA4809}"
EndProject
Project("{262852C6-CD72-467D-83FE-5EEB1973A190}") = "Czb.Car.App", "Czb.Car.App\Czb.Car.App.jsproj", "{549CBA80-397B-4F8E-BB0E-5944E9D7E7DD}"
EndProject
Project("{FAE04EC0-301F-11D3-BF4B-00C04F79EFBC}") = "CZB.Web.Open", "CZB.Web.Open\CZB.Web.Open.csproj", "{FFA7E25A-0535-4B25-9E61-95B70D73B174}"
EndProject
Project("{FAE04EC0-301F-11D3-BF4B-00C04F79EFBC}") = "CZB.Web.Open.Tests", "CZB.Web.Open.Tests\CZB.Web.Open.Tests.csproj", "{373D9795-4B0E-4A37-8242-A52E0A017A6B}"
EndProject
Global
	GlobalSection(SolutionConfigurationPlatforms) = preSolution
		Debug|Android = Debug|Android
		Debug|Any CPU = Debug|Any CPU
		Debug|iOS = Debug|iOS
		Debug|Windows-AnyCPU = Debug|Windows-AnyCPU
		Debug|Windows-ARM = Debug|Windows-ARM
		Debug|Windows-x64 = Debug|Windows-x64
		Debug|Windows-x86 = Debug|Windows-x86
		Release|Android = Release|Android
		Release|Any CPU = Release|Any CPU
		Release|iOS = Release|iOS
		Release|Windows-AnyCPU = Release|Windows-AnyCPU
		Release|Windows-ARM = Release|Windows-ARM
		Release|Windows-x64 = Release|Windows-x64
		Release|Windows-x86 = Release|Windows-x86
	EndGlobalSection
	GlobalSection(ProjectConfigurationPlatforms) = postSolution
		{233EF633-407C-47FF-B645-9DBE81D26F48}.Debug|Android.ActiveCfg = Debug|Any CPU
		{233EF633-407C-47FF-B645-9DBE81D26F48}.Debug|Android.Build.0 = Debug|Any CPU
		{233EF633-407C-47FF-B645-9DBE81D26F48}.Debug|Any CPU.ActiveCfg = Debug|Any CPU
		{233EF633-407C-47FF-B645-9DBE81D26F48}.Debug|Any CPU.Build.0 = Debug|Any CPU
		{233EF633-407C-47FF-B645-9DBE81D26F48}.Debug|iOS.ActiveCfg = Debug|Any CPU
		{233EF633-407C-47FF-B645-9DBE81D26F48}.Debug|iOS.Build.0 = Debug|Any CPU
		{233EF633-407C-47FF-B645-9DBE81D26F48}.Debug|Windows-AnyCPU.ActiveCfg = Debug|Any CPU
		{233EF633-407C-47FF-B645-9DBE81D26F48}.Debug|Windows-AnyCPU.Build.0 = Debug|Any CPU
		{233EF633-407C-47FF-B645-9DBE81D26F48}.Debug|Windows-ARM.ActiveCfg = Debug|Any CPU
		{233EF633-407C-47FF-B645-9DBE81D26F48}.Debug|Windows-ARM.Build.0 = Debug|Any CPU
		{233EF633-407C-47FF-B645-9DBE81D26F48}.Debug|Windows-x64.ActiveCfg = Debug|Any CPU
		{233EF633-407C-47FF-B645-9DBE81D26F48}.Debug|Windows-x64.Build.0 = Debug|Any CPU
		{233EF633-407C-47FF-B645-9DBE81D26F48}.Debug|Windows-x86.ActiveCfg = Debug|Any CPU
		{233EF633-407C-47FF-B645-9DBE81D26F48}.Debug|Windows-x86.Build.0 = Debug|Any CPU
		{233EF633-407C-47FF-B645-9DBE81D26F48}.Release|Android.ActiveCfg = Release|Any CPU
		{233EF633-407C-47FF-B645-9DBE81D26F48}.Release|Android.Build.0 = Release|Any CPU
		{233EF633-407C-47FF-B645-9DBE81D26F48}.Release|Any CPU.ActiveCfg = Release|Any CPU
		{233EF633-407C-47FF-B645-9DBE81D26F48}.Release|Any CPU.Build.0 = Release|Any CPU
		{233EF633-407C-47FF-B645-9DBE81D26F48}.Release|iOS.ActiveCfg = Release|Any CPU
		{233EF633-407C-47FF-B645-9DBE81D26F48}.Release|iOS.Build.0 = Release|Any CPU
		{233EF633-407C-47FF-B645-9DBE81D26F48}.Release|Windows-AnyCPU.ActiveCfg = Release|Any CPU
		{233EF633-407C-47FF-B645-9DBE81D26F48}.Release|Windows-AnyCPU.Build.0 = Release|Any CPU
		{233EF633-407C-47FF-B645-9DBE81D26F48}.Release|Windows-ARM.ActiveCfg = Release|Any CPU
		{233EF633-407C-47FF-B645-9DBE81D26F48}.Release|Windows-ARM.Build.0 = Release|Any CPU
		{233EF633-407C-47FF-B645-9DBE81D26F48}.Release|Windows-x64.ActiveCfg = Release|Any CPU
		{233EF633-407C-47FF-B645-9DBE81D26F48}.Release|Windows-x64.Build.0 = Release|Any CPU
		{233EF633-407C-47FF-B645-9DBE81D26F48}.Release|Windows-x86.ActiveCfg = Release|Any CPU
		{233EF633-407C-47FF-B645-9DBE81D26F48}.Release|Windows-x86.Build.0 = Release|Any CPU
		{AF4AF262-8AF1-4C2A-8AC3-BF722BBAC0DC}.Debug|Android.ActiveCfg = Debug|Any CPU
		{AF4AF262-8AF1-4C2A-8AC3-BF722BBAC0DC}.Debug|Android.Build.0 = Debug|Any CPU
		{AF4AF262-8AF1-4C2A-8AC3-BF722BBAC0DC}.Debug|Any CPU.ActiveCfg = Debug|Any CPU
		{AF4AF262-8AF1-4C2A-8AC3-BF722BBAC0DC}.Debug|Any CPU.Build.0 = Debug|Any CPU
		{AF4AF262-8AF1-4C2A-8AC3-BF722BBAC0DC}.Debug|iOS.ActiveCfg = Debug|Any CPU
		{AF4AF262-8AF1-4C2A-8AC3-BF722BBAC0DC}.Debug|iOS.Build.0 = Debug|Any CPU
		{AF4AF262-8AF1-4C2A-8AC3-BF722BBAC0DC}.Debug|Windows-AnyCPU.ActiveCfg = Debug|Any CPU
		{AF4AF262-8AF1-4C2A-8AC3-BF722BBAC0DC}.Debug|Windows-AnyCPU.Build.0 = Debug|Any CPU
		{AF4AF262-8AF1-4C2A-8AC3-BF722BBAC0DC}.Debug|Windows-ARM.ActiveCfg = Debug|Any CPU
		{AF4AF262-8AF1-4C2A-8AC3-BF722BBAC0DC}.Debug|Windows-ARM.Build.0 = Debug|Any CPU
		{AF4AF262-8AF1-4C2A-8AC3-BF722BBAC0DC}.Debug|Windows-x64.ActiveCfg = Debug|Any CPU
		{AF4AF262-8AF1-4C2A-8AC3-BF722BBAC0DC}.Debug|Windows-x64.Build.0 = Debug|Any CPU
		{AF4AF262-8AF1-4C2A-8AC3-BF722BBAC0DC}.Debug|Windows-x86.ActiveCfg = Debug|Any CPU
		{AF4AF262-8AF1-4C2A-8AC3-BF722BBAC0DC}.Debug|Windows-x86.Build.0 = Debug|Any CPU
		{AF4AF262-8AF1-4C2A-8AC3-BF722BBAC0DC}.Release|Android.ActiveCfg = Release|Any CPU
		{AF4AF262-8AF1-4C2A-8AC3-BF722BBAC0DC}.Release|Android.Build.0 = Release|Any CPU
		{AF4AF262-8AF1-4C2A-8AC3-BF722BBAC0DC}.Release|Any CPU.ActiveCfg = Release|Any CPU
		{AF4AF262-8AF1-4C2A-8AC3-BF722BBAC0DC}.Release|Any CPU.Build.0 = Release|Any CPU
		{AF4AF262-8AF1-4C2A-8AC3-BF722BBAC0DC}.Release|iOS.ActiveCfg = Release|Any CPU
		{AF4AF262-8AF1-4C2A-8AC3-BF722BBAC0DC}.Release|iOS.Build.0 = Release|Any CPU
		{AF4AF262-8AF1-4C2A-8AC3-BF722BBAC0DC}.Release|Windows-AnyCPU.ActiveCfg = Release|Any CPU
		{AF4AF262-8AF1-4C2A-8AC3-BF722BBAC0DC}.Release|Windows-AnyCPU.Build.0 = Release|Any CPU
		{AF4AF262-8AF1-4C2A-8AC3-BF722BBAC0DC}.Release|Windows-ARM.ActiveCfg = Release|Any CPU
		{AF4AF262-8AF1-4C2A-8AC3-BF722BBAC0DC}.Release|Windows-ARM.Build.0 = Release|Any CPU
		{AF4AF262-8AF1-4C2A-8AC3-BF722BBAC0DC}.Release|Windows-x64.ActiveCfg = Release|Any CPU
		{AF4AF262-8AF1-4C2A-8AC3-BF722BBAC0DC}.Release|Windows-x64.Build.0 = Release|Any CPU
		{AF4AF262-8AF1-4C2A-8AC3-BF722BBAC0DC}.Release|Windows-x86.ActiveCfg = Release|Any CPU
		{AF4AF262-8AF1-4C2A-8AC3-BF722BBAC0DC}.Release|Windows-x86.Build.0 = Release|Any CPU
		{59CD873E-A9C7-46BE-AAFF-43BF2CF613AA}.Debug|Android.ActiveCfg = Debug|Any CPU
		{59CD873E-A9C7-46BE-AAFF-43BF2CF613AA}.Debug|Android.Build.0 = Debug|Any CPU
		{59CD873E-A9C7-46BE-AAFF-43BF2CF613AA}.Debug|Any CPU.ActiveCfg = Debug|Any CPU
		{59CD873E-A9C7-46BE-AAFF-43BF2CF613AA}.Debug|Any CPU.Build.0 = Debug|Any CPU
		{59CD873E-A9C7-46BE-AAFF-43BF2CF613AA}.Debug|iOS.ActiveCfg = Debug|Any CPU
		{59CD873E-A9C7-46BE-AAFF-43BF2CF613AA}.Debug|iOS.Build.0 = Debug|Any CPU
		{59CD873E-A9C7-46BE-AAFF-43BF2CF613AA}.Debug|Windows-AnyCPU.ActiveCfg = Debug|Any CPU
		{59CD873E-A9C7-46BE-AAFF-43BF2CF613AA}.Debug|Windows-AnyCPU.Build.0 = Debug|Any CPU
		{59CD873E-A9C7-46BE-AAFF-43BF2CF613AA}.Debug|Windows-ARM.ActiveCfg = Debug|Any CPU
		{59CD873E-A9C7-46BE-AAFF-43BF2CF613AA}.Debug|Windows-ARM.Build.0 = Debug|Any CPU
		{59CD873E-A9C7-46BE-AAFF-43BF2CF613AA}.Debug|Windows-x64.ActiveCfg = Debug|Any CPU
		{59CD873E-A9C7-46BE-AAFF-43BF2CF613AA}.Debug|Windows-x64.Build.0 = Debug|Any CPU
		{59CD873E-A9C7-46BE-AAFF-43BF2CF613AA}.Debug|Windows-x86.ActiveCfg = Debug|Any CPU
		{59CD873E-A9C7-46BE-AAFF-43BF2CF613AA}.Debug|Windows-x86.Build.0 = Debug|Any CPU
		{59CD873E-A9C7-46BE-AAFF-43BF2CF613AA}.Release|Android.ActiveCfg = Release|Any CPU
		{59CD873E-A9C7-46BE-AAFF-43BF2CF613AA}.Release|Android.Build.0 = Release|Any CPU
		{59CD873E-A9C7-46BE-AAFF-43BF2CF613AA}.Release|Any CPU.ActiveCfg = Release|Any CPU
		{59CD873E-A9C7-46BE-AAFF-43BF2CF613AA}.Release|Any CPU.Build.0 = Release|Any CPU
		{59CD873E-A9C7-46BE-AAFF-43BF2CF613AA}.Release|iOS.ActiveCfg = Release|Any CPU
		{59CD873E-A9C7-46BE-AAFF-43BF2CF613AA}.Release|iOS.Build.0 = Release|Any CPU
		{59CD873E-A9C7-46BE-AAFF-43BF2CF613AA}.Release|Windows-AnyCPU.ActiveCfg = Release|Any CPU
		{59CD873E-A9C7-46BE-AAFF-43BF2CF613AA}.Release|Windows-AnyCPU.Build.0 = Release|Any CPU
		{59CD873E-A9C7-46BE-AAFF-43BF2CF613AA}.Release|Windows-ARM.ActiveCfg = Release|Any CPU
		{59CD873E-A9C7-46BE-AAFF-43BF2CF613AA}.Release|Windows-ARM.Build.0 = Release|Any CPU
		{59CD873E-A9C7-46BE-AAFF-43BF2CF613AA}.Release|Windows-x64.ActiveCfg = Release|Any CPU
		{59CD873E-A9C7-46BE-AAFF-43BF2CF613AA}.Release|Windows-x64.Build.0 = Release|Any CPU
		{59CD873E-A9C7-46BE-AAFF-43BF2CF613AA}.Release|Windows-x86.ActiveCfg = Release|Any CPU
		{59CD873E-A9C7-46BE-AAFF-43BF2CF613AA}.Release|Windows-x86.Build.0 = Release|Any CPU
		{87BFDACF-049B-4D26-959A-1A08B6065D36}.Debug|Android.ActiveCfg = Debug|Any CPU
		{87BFDACF-049B-4D26-959A-1A08B6065D36}.Debug|Android.Build.0 = Debug|Any CPU
		{87BFDACF-049B-4D26-959A-1A08B6065D36}.Debug|Any CPU.ActiveCfg = Debug|Any CPU
		{87BFDACF-049B-4D26-959A-1A08B6065D36}.Debug|Any CPU.Build.0 = Debug|Any CPU
		{87BFDACF-049B-4D26-959A-1A08B6065D36}.Debug|iOS.ActiveCfg = Debug|Any CPU
		{87BFDACF-049B-4D26-959A-1A08B6065D36}.Debug|iOS.Build.0 = Debug|Any CPU
		{87BFDACF-049B-4D26-959A-1A08B6065D36}.Debug|Windows-AnyCPU.ActiveCfg = Debug|Any CPU
		{87BFDACF-049B-4D26-959A-1A08B6065D36}.Debug|Windows-AnyCPU.Build.0 = Debug|Any CPU
		{87BFDACF-049B-4D26-959A-1A08B6065D36}.Debug|Windows-ARM.ActiveCfg = Debug|Any CPU
		{87BFDACF-049B-4D26-959A-1A08B6065D36}.Debug|Windows-ARM.Build.0 = Debug|Any CPU
		{87BFDACF-049B-4D26-959A-1A08B6065D36}.Debug|Windows-x64.ActiveCfg = Debug|Any CPU
		{87BFDACF-049B-4D26-959A-1A08B6065D36}.Debug|Windows-x64.Build.0 = Debug|Any CPU
		{87BFDACF-049B-4D26-959A-1A08B6065D36}.Debug|Windows-x86.ActiveCfg = Debug|Any CPU
		{87BFDACF-049B-4D26-959A-1A08B6065D36}.Debug|Windows-x86.Build.0 = Debug|Any CPU
		{87BFDACF-049B-4D26-959A-1A08B6065D36}.Release|Android.ActiveCfg = Release|Any CPU
		{87BFDACF-049B-4D26-959A-1A08B6065D36}.Release|Android.Build.0 = Release|Any CPU
		{87BFDACF-049B-4D26-959A-1A08B6065D36}.Release|Any CPU.ActiveCfg = Release|Any CPU
		{87BFDACF-049B-4D26-959A-1A08B6065D36}.Release|Any CPU.Build.0 = Release|Any CPU
		{87BFDACF-049B-4D26-959A-1A08B6065D36}.Release|iOS.ActiveCfg = Release|Any CPU
		{87BFDACF-049B-4D26-959A-1A08B6065D36}.Release|iOS.Build.0 = Release|Any CPU
		{87BFDACF-049B-4D26-959A-1A08B6065D36}.Release|Windows-AnyCPU.ActiveCfg = Release|Any CPU
		{87BFDACF-049B-4D26-959A-1A08B6065D36}.Release|Windows-AnyCPU.Build.0 = Release|Any CPU
		{87BFDACF-049B-4D26-959A-1A08B6065D36}.Release|Windows-ARM.ActiveCfg = Release|Any CPU
		{87BFDACF-049B-4D26-959A-1A08B6065D36}.Release|Windows-ARM.Build.0 = Release|Any CPU
		{87BFDACF-049B-4D26-959A-1A08B6065D36}.Release|Windows-x64.ActiveCfg = Release|Any CPU
		{87BFDACF-049B-4D26-959A-1A08B6065D36}.Release|Windows-x64.Build.0 = Release|Any CPU
		{87BFDACF-049B-4D26-959A-1A08B6065D36}.Release|Windows-x86.ActiveCfg = Release|Any CPU
		{87BFDACF-049B-4D26-959A-1A08B6065D36}.Release|Windows-x86.Build.0 = Release|Any CPU
		{4E38316F-325C-4F4D-971B-D8F49318FC94}.Debug|Android.ActiveCfg = Debug|Any CPU
		{4E38316F-325C-4F4D-971B-D8F49318FC94}.Debug|Android.Build.0 = Debug|Any CPU
		{4E38316F-325C-4F4D-971B-D8F49318FC94}.Debug|Any CPU.ActiveCfg = Debug|Any CPU
		{4E38316F-325C-4F4D-971B-D8F49318FC94}.Debug|Any CPU.Build.0 = Debug|Any CPU
		{4E38316F-325C-4F4D-971B-D8F49318FC94}.Debug|iOS.ActiveCfg = Debug|Any CPU
		{4E38316F-325C-4F4D-971B-D8F49318FC94}.Debug|iOS.Build.0 = Debug|Any CPU
		{4E38316F-325C-4F4D-971B-D8F49318FC94}.Debug|Windows-AnyCPU.ActiveCfg = Debug|Any CPU
		{4E38316F-325C-4F4D-971B-D8F49318FC94}.Debug|Windows-AnyCPU.Build.0 = Debug|Any CPU
		{4E38316F-325C-4F4D-971B-D8F49318FC94}.Debug|Windows-ARM.ActiveCfg = Debug|Any CPU
		{4E38316F-325C-4F4D-971B-D8F49318FC94}.Debug|Windows-ARM.Build.0 = Debug|Any CPU
		{4E38316F-325C-4F4D-971B-D8F49318FC94}.Debug|Windows-x64.ActiveCfg = Debug|Any CPU
		{4E38316F-325C-4F4D-971B-D8F49318FC94}.Debug|Windows-x64.Build.0 = Debug|Any CPU
		{4E38316F-325C-4F4D-971B-D8F49318FC94}.Debug|Windows-x86.ActiveCfg = Debug|Any CPU
		{4E38316F-325C-4F4D-971B-D8F49318FC94}.Debug|Windows-x86.Build.0 = Debug|Any CPU
		{4E38316F-325C-4F4D-971B-D8F49318FC94}.Release|Android.ActiveCfg = Release|Any CPU
		{4E38316F-325C-4F4D-971B-D8F49318FC94}.Release|Android.Build.0 = Release|Any CPU
		{4E38316F-325C-4F4D-971B-D8F49318FC94}.Release|Any CPU.ActiveCfg = Release|Any CPU
		{4E38316F-325C-4F4D-971B-D8F49318FC94}.Release|Any CPU.Build.0 = Release|Any CPU
		{4E38316F-325C-4F4D-971B-D8F49318FC94}.Release|iOS.ActiveCfg = Release|Any CPU
		{4E38316F-325C-4F4D-971B-D8F49318FC94}.Release|iOS.Build.0 = Release|Any CPU
		{4E38316F-325C-4F4D-971B-D8F49318FC94}.Release|Windows-AnyCPU.ActiveCfg = Release|Any CPU
		{4E38316F-325C-4F4D-971B-D8F49318FC94}.Release|Windows-AnyCPU.Build.0 = Release|Any CPU
		{4E38316F-325C-4F4D-971B-D8F49318FC94}.Release|Windows-ARM.ActiveCfg = Release|Any CPU
		{4E38316F-325C-4F4D-971B-D8F49318FC94}.Release|Windows-ARM.Build.0 = Release|Any CPU
		{4E38316F-325C-4F4D-971B-D8F49318FC94}.Release|Windows-x64.ActiveCfg = Release|Any CPU
		{4E38316F-325C-4F4D-971B-D8F49318FC94}.Release|Windows-x64.Build.0 = Release|Any CPU
		{4E38316F-325C-4F4D-971B-D8F49318FC94}.Release|Windows-x86.ActiveCfg = Release|Any CPU
		{4E38316F-325C-4F4D-971B-D8F49318FC94}.Release|Windows-x86.Build.0 = Release|Any CPU
		{4BC91731-ECE2-49A0-A52B-77098E8745E7}.Debug|Android.ActiveCfg = Debug|Any CPU
		{4BC91731-ECE2-49A0-A52B-77098E8745E7}.Debug|Android.Build.0 = Debug|Any CPU
		{4BC91731-ECE2-49A0-A52B-77098E8745E7}.Debug|Any CPU.ActiveCfg = Debug|Any CPU
		{4BC91731-ECE2-49A0-A52B-77098E8745E7}.Debug|Any CPU.Build.0 = Debug|Any CPU
		{4BC91731-ECE2-49A0-A52B-77098E8745E7}.Debug|iOS.ActiveCfg = Debug|Any CPU
		{4BC91731-ECE2-49A0-A52B-77098E8745E7}.Debug|iOS.Build.0 = Debug|Any CPU
		{4BC91731-ECE2-49A0-A52B-77098E8745E7}.Debug|Windows-AnyCPU.ActiveCfg = Debug|Any CPU
		{4BC91731-ECE2-49A0-A52B-77098E8745E7}.Debug|Windows-AnyCPU.Build.0 = Debug|Any CPU
		{4BC91731-ECE2-49A0-A52B-77098E8745E7}.Debug|Windows-ARM.ActiveCfg = Debug|Any CPU
		{4BC91731-ECE2-49A0-A52B-77098E8745E7}.Debug|Windows-ARM.Build.0 = Debug|Any CPU
		{4BC91731-ECE2-49A0-A52B-77098E8745E7}.Debug|Windows-x64.ActiveCfg = Debug|Any CPU
		{4BC91731-ECE2-49A0-A52B-77098E8745E7}.Debug|Windows-x64.Build.0 = Debug|Any CPU
		{4BC91731-ECE2-49A0-A52B-77098E8745E7}.Debug|Windows-x86.ActiveCfg = Debug|Any CPU
		{4BC91731-ECE2-49A0-A52B-77098E8745E7}.Debug|Windows-x86.Build.0 = Debug|Any CPU
		{4BC91731-ECE2-49A0-A52B-77098E8745E7}.Release|Android.ActiveCfg = Release|Any CPU
		{4BC91731-ECE2-49A0-A52B-77098E8745E7}.Release|Android.Build.0 = Release|Any CPU
		{4BC91731-ECE2-49A0-A52B-77098E8745E7}.Release|Any CPU.ActiveCfg = Release|Any CPU
		{4BC91731-ECE2-49A0-A52B-77098E8745E7}.Release|Any CPU.Build.0 = Release|Any CPU
		{4BC91731-ECE2-49A0-A52B-77098E8745E7}.Release|iOS.ActiveCfg = Release|Any CPU
		{4BC91731-ECE2-49A0-A52B-77098E8745E7}.Release|iOS.Build.0 = Release|Any CPU
		{4BC91731-ECE2-49A0-A52B-77098E8745E7}.Release|Windows-AnyCPU.ActiveCfg = Release|Any CPU
		{4BC91731-ECE2-49A0-A52B-77098E8745E7}.Release|Windows-AnyCPU.Build.0 = Release|Any CPU
		{4BC91731-ECE2-49A0-A52B-77098E8745E7}.Release|Windows-ARM.ActiveCfg = Release|Any CPU
		{4BC91731-ECE2-49A0-A52B-77098E8745E7}.Release|Windows-ARM.Build.0 = Release|Any CPU
		{4BC91731-ECE2-49A0-A52B-77098E8745E7}.Release|Windows-x64.ActiveCfg = Release|Any CPU
		{4BC91731-ECE2-49A0-A52B-77098E8745E7}.Release|Windows-x64.Build.0 = Release|Any CPU
		{4BC91731-ECE2-49A0-A52B-77098E8745E7}.Release|Windows-x86.ActiveCfg = Release|Any CPU
		{4BC91731-ECE2-49A0-A52B-77098E8745E7}.Release|Windows-x86.Build.0 = Release|Any CPU
		{6B954FC5-70D9-46F2-BC8F-76A165BA6959}.Debug|Android.ActiveCfg = Debug|Any CPU
		{6B954FC5-70D9-46F2-BC8F-76A165BA6959}.Debug|Android.Build.0 = Debug|Any CPU
		{6B954FC5-70D9-46F2-BC8F-76A165BA6959}.Debug|Any CPU.ActiveCfg = Debug|Any CPU
		{6B954FC5-70D9-46F2-BC8F-76A165BA6959}.Debug|Any CPU.Build.0 = Debug|Any CPU
		{6B954FC5-70D9-46F2-BC8F-76A165BA6959}.Debug|iOS.ActiveCfg = Debug|Any CPU
		{6B954FC5-70D9-46F2-BC8F-76A165BA6959}.Debug|iOS.Build.0 = Debug|Any CPU
		{6B954FC5-70D9-46F2-BC8F-76A165BA6959}.Debug|Windows-AnyCPU.ActiveCfg = Debug|Any CPU
		{6B954FC5-70D9-46F2-BC8F-76A165BA6959}.Debug|Windows-AnyCPU.Build.0 = Debug|Any CPU
		{6B954FC5-70D9-46F2-BC8F-76A165BA6959}.Debug|Windows-ARM.ActiveCfg = Debug|Any CPU
		{6B954FC5-70D9-46F2-BC8F-76A165BA6959}.Debug|Windows-ARM.Build.0 = Debug|Any CPU
		{6B954FC5-70D9-46F2-BC8F-76A165BA6959}.Debug|Windows-x64.ActiveCfg = Debug|Any CPU
		{6B954FC5-70D9-46F2-BC8F-76A165BA6959}.Debug|Windows-x64.Build.0 = Debug|Any CPU
		{6B954FC5-70D9-46F2-BC8F-76A165BA6959}.Debug|Windows-x86.ActiveCfg = Debug|Any CPU
		{6B954FC5-70D9-46F2-BC8F-76A165BA6959}.Debug|Windows-x86.Build.0 = Debug|Any CPU
		{6B954FC5-70D9-46F2-BC8F-76A165BA6959}.Release|Android.ActiveCfg = Release|Any CPU
		{6B954FC5-70D9-46F2-BC8F-76A165BA6959}.Release|Android.Build.0 = Release|Any CPU
		{6B954FC5-70D9-46F2-BC8F-76A165BA6959}.Release|Any CPU.ActiveCfg = Release|Any CPU
		{6B954FC5-70D9-46F2-BC8F-76A165BA6959}.Release|Any CPU.Build.0 = Release|Any CPU
		{6B954FC5-70D9-46F2-BC8F-76A165BA6959}.Release|iOS.ActiveCfg = Release|Any CPU
		{6B954FC5-70D9-46F2-BC8F-76A165BA6959}.Release|iOS.Build.0 = Release|Any CPU
		{6B954FC5-70D9-46F2-BC8F-76A165BA6959}.Release|Windows-AnyCPU.ActiveCfg = Release|Any CPU
		{6B954FC5-70D9-46F2-BC8F-76A165BA6959}.Release|Windows-AnyCPU.Build.0 = Release|Any CPU
		{6B954FC5-70D9-46F2-BC8F-76A165BA6959}.Release|Windows-ARM.ActiveCfg = Release|Any CPU
		{6B954FC5-70D9-46F2-BC8F-76A165BA6959}.Release|Windows-ARM.Build.0 = Release|Any CPU
		{6B954FC5-70D9-46F2-BC8F-76A165BA6959}.Release|Windows-x64.ActiveCfg = Release|Any CPU
		{6B954FC5-70D9-46F2-BC8F-76A165BA6959}.Release|Windows-x64.Build.0 = Release|Any CPU
		{6B954FC5-70D9-46F2-BC8F-76A165BA6959}.Release|Windows-x86.ActiveCfg = Release|Any CPU
		{6B954FC5-70D9-46F2-BC8F-76A165BA6959}.Release|Windows-x86.Build.0 = Release|Any CPU
		{845057CF-6DD8-46AC-B036-AEB74BB402E7}.Debug|Android.ActiveCfg = Debug|Any CPU
		{845057CF-6DD8-46AC-B036-AEB74BB402E7}.Debug|Android.Build.0 = Debug|Any CPU
		{845057CF-6DD8-46AC-B036-AEB74BB402E7}.Debug|Any CPU.ActiveCfg = Debug|Any CPU
		{845057CF-6DD8-46AC-B036-AEB74BB402E7}.Debug|Any CPU.Build.0 = Debug|Any CPU
		{845057CF-6DD8-46AC-B036-AEB74BB402E7}.Debug|iOS.ActiveCfg = Debug|Any CPU
		{845057CF-6DD8-46AC-B036-AEB74BB402E7}.Debug|iOS.Build.0 = Debug|Any CPU
		{845057CF-6DD8-46AC-B036-AEB74BB402E7}.Debug|Windows-AnyCPU.ActiveCfg = Debug|Any CPU
		{845057CF-6DD8-46AC-B036-AEB74BB402E7}.Debug|Windows-AnyCPU.Build.0 = Debug|Any CPU
		{845057CF-6DD8-46AC-B036-AEB74BB402E7}.Debug|Windows-ARM.ActiveCfg = Debug|Any CPU
		{845057CF-6DD8-46AC-B036-AEB74BB402E7}.Debug|Windows-ARM.Build.0 = Debug|Any CPU
		{845057CF-6DD8-46AC-B036-AEB74BB402E7}.Debug|Windows-x64.ActiveCfg = Debug|Any CPU
		{845057CF-6DD8-46AC-B036-AEB74BB402E7}.Debug|Windows-x64.Build.0 = Debug|Any CPU
		{845057CF-6DD8-46AC-B036-AEB74BB402E7}.Debug|Windows-x86.ActiveCfg = Debug|Any CPU
		{845057CF-6DD8-46AC-B036-AEB74BB402E7}.Debug|Windows-x86.Build.0 = Debug|Any CPU
		{845057CF-6DD8-46AC-B036-AEB74BB402E7}.Release|Android.ActiveCfg = Release|Any CPU
		{845057CF-6DD8-46AC-B036-AEB74BB402E7}.Release|Android.Build.0 = Release|Any CPU
		{845057CF-6DD8-46AC-B036-AEB74BB402E7}.Release|Any CPU.ActiveCfg = Release|Any CPU
		{845057CF-6DD8-46AC-B036-AEB74BB402E7}.Release|Any CPU.Build.0 = Release|Any CPU
		{845057CF-6DD8-46AC-B036-AEB74BB402E7}.Release|iOS.ActiveCfg = Release|Any CPU
		{845057CF-6DD8-46AC-B036-AEB74BB402E7}.Release|iOS.Build.0 = Release|Any CPU
		{845057CF-6DD8-46AC-B036-AEB74BB402E7}.Release|Windows-AnyCPU.ActiveCfg = Release|Any CPU
		{845057CF-6DD8-46AC-B036-AEB74BB402E7}.Release|Windows-AnyCPU.Build.0 = Release|Any CPU
		{845057CF-6DD8-46AC-B036-AEB74BB402E7}.Release|Windows-ARM.ActiveCfg = Release|Any CPU
		{845057CF-6DD8-46AC-B036-AEB74BB402E7}.Release|Windows-ARM.Build.0 = Release|Any CPU
		{845057CF-6DD8-46AC-B036-AEB74BB402E7}.Release|Windows-x64.ActiveCfg = Release|Any CPU
		{845057CF-6DD8-46AC-B036-AEB74BB402E7}.Release|Windows-x64.Build.0 = Release|Any CPU
		{845057CF-6DD8-46AC-B036-AEB74BB402E7}.Release|Windows-x86.ActiveCfg = Release|Any CPU
		{845057CF-6DD8-46AC-B036-AEB74BB402E7}.Release|Windows-x86.Build.0 = Release|Any CPU
		{34253058-C187-4D96-88F3-84BE8688D8B3}.Debug|Android.ActiveCfg = Debug|Any CPU
		{34253058-C187-4D96-88F3-84BE8688D8B3}.Debug|Android.Build.0 = Debug|Any CPU
		{34253058-C187-4D96-88F3-84BE8688D8B3}.Debug|Any CPU.ActiveCfg = Debug|Any CPU
		{34253058-C187-4D96-88F3-84BE8688D8B3}.Debug|Any CPU.Build.0 = Debug|Any CPU
		{34253058-C187-4D96-88F3-84BE8688D8B3}.Debug|iOS.ActiveCfg = Debug|Any CPU
		{34253058-C187-4D96-88F3-84BE8688D8B3}.Debug|iOS.Build.0 = Debug|Any CPU
		{34253058-C187-4D96-88F3-84BE8688D8B3}.Debug|Windows-AnyCPU.ActiveCfg = Debug|Any CPU
		{34253058-C187-4D96-88F3-84BE8688D8B3}.Debug|Windows-AnyCPU.Build.0 = Debug|Any CPU
		{34253058-C187-4D96-88F3-84BE8688D8B3}.Debug|Windows-ARM.ActiveCfg = Debug|Any CPU
		{34253058-C187-4D96-88F3-84BE8688D8B3}.Debug|Windows-ARM.Build.0 = Debug|Any CPU
		{34253058-C187-4D96-88F3-84BE8688D8B3}.Debug|Windows-x64.ActiveCfg = Debug|Any CPU
		{34253058-C187-4D96-88F3-84BE8688D8B3}.Debug|Windows-x64.Build.0 = Debug|Any CPU
		{34253058-C187-4D96-88F3-84BE8688D8B3}.Debug|Windows-x86.ActiveCfg = Debug|Any CPU
		{34253058-C187-4D96-88F3-84BE8688D8B3}.Debug|Windows-x86.Build.0 = Debug|Any CPU
		{34253058-C187-4D96-88F3-84BE8688D8B3}.Release|Android.ActiveCfg = Release|Any CPU
		{34253058-C187-4D96-88F3-84BE8688D8B3}.Release|Android.Build.0 = Release|Any CPU
		{34253058-C187-4D96-88F3-84BE8688D8B3}.Release|Any CPU.ActiveCfg = Release|Any CPU
		{34253058-C187-4D96-88F3-84BE8688D8B3}.Release|Any CPU.Build.0 = Release|Any CPU
		{34253058-C187-4D96-88F3-84BE8688D8B3}.Release|iOS.ActiveCfg = Release|Any CPU
		{34253058-C187-4D96-88F3-84BE8688D8B3}.Release|iOS.Build.0 = Release|Any CPU
		{34253058-C187-4D96-88F3-84BE8688D8B3}.Release|Windows-AnyCPU.ActiveCfg = Release|Any CPU
		{34253058-C187-4D96-88F3-84BE8688D8B3}.Release|Windows-AnyCPU.Build.0 = Release|Any CPU
		{34253058-C187-4D96-88F3-84BE8688D8B3}.Release|Windows-ARM.ActiveCfg = Release|Any CPU
		{34253058-C187-4D96-88F3-84BE8688D8B3}.Release|Windows-ARM.Build.0 = Release|Any CPU
		{34253058-C187-4D96-88F3-84BE8688D8B3}.Release|Windows-x64.ActiveCfg = Release|Any CPU
		{34253058-C187-4D96-88F3-84BE8688D8B3}.Release|Windows-x64.Build.0 = Release|Any CPU
		{34253058-C187-4D96-88F3-84BE8688D8B3}.Release|Windows-x86.ActiveCfg = Release|Any CPU
		{34253058-C187-4D96-88F3-84BE8688D8B3}.Release|Windows-x86.Build.0 = Release|Any CPU
		{39A27BB2-35D9-49B2-B7B5-EB229315DA37}.Debug|Android.ActiveCfg = Debug|Any CPU
		{39A27BB2-35D9-49B2-B7B5-EB229315DA37}.Debug|Android.Build.0 = Debug|Any CPU
		{39A27BB2-35D9-49B2-B7B5-EB229315DA37}.Debug|Any CPU.ActiveCfg = Debug|Any CPU
		{39A27BB2-35D9-49B2-B7B5-EB229315DA37}.Debug|Any CPU.Build.0 = Debug|Any CPU
		{39A27BB2-35D9-49B2-B7B5-EB229315DA37}.Debug|iOS.ActiveCfg = Debug|Any CPU
		{39A27BB2-35D9-49B2-B7B5-EB229315DA37}.Debug|iOS.Build.0 = Debug|Any CPU
		{39A27BB2-35D9-49B2-B7B5-EB229315DA37}.Debug|Windows-AnyCPU.ActiveCfg = Debug|Any CPU
		{39A27BB2-35D9-49B2-B7B5-EB229315DA37}.Debug|Windows-AnyCPU.Build.0 = Debug|Any CPU
		{39A27BB2-35D9-49B2-B7B5-EB229315DA37}.Debug|Windows-ARM.ActiveCfg = Debug|Any CPU
		{39A27BB2-35D9-49B2-B7B5-EB229315DA37}.Debug|Windows-ARM.Build.0 = Debug|Any CPU
		{39A27BB2-35D9-49B2-B7B5-EB229315DA37}.Debug|Windows-x64.ActiveCfg = Debug|Any CPU
		{39A27BB2-35D9-49B2-B7B5-EB229315DA37}.Debug|Windows-x64.Build.0 = Debug|Any CPU
		{39A27BB2-35D9-49B2-B7B5-EB229315DA37}.Debug|Windows-x86.ActiveCfg = Debug|Any CPU
		{39A27BB2-35D9-49B2-B7B5-EB229315DA37}.Debug|Windows-x86.Build.0 = Debug|Any CPU
		{39A27BB2-35D9-49B2-B7B5-EB229315DA37}.Release|Android.ActiveCfg = Release|Any CPU
		{39A27BB2-35D9-49B2-B7B5-EB229315DA37}.Release|Android.Build.0 = Release|Any CPU
		{39A27BB2-35D9-49B2-B7B5-EB229315DA37}.Release|Any CPU.ActiveCfg = Release|Any CPU
		{39A27BB2-35D9-49B2-B7B5-EB229315DA37}.Release|Any CPU.Build.0 = Release|Any CPU
		{39A27BB2-35D9-49B2-B7B5-EB229315DA37}.Release|iOS.ActiveCfg = Release|Any CPU
		{39A27BB2-35D9-49B2-B7B5-EB229315DA37}.Release|iOS.Build.0 = Release|Any CPU
		{39A27BB2-35D9-49B2-B7B5-EB229315DA37}.Release|Windows-AnyCPU.ActiveCfg = Release|Any CPU
		{39A27BB2-35D9-49B2-B7B5-EB229315DA37}.Release|Windows-AnyCPU.Build.0 = Release|Any CPU
		{39A27BB2-35D9-49B2-B7B5-EB229315DA37}.Release|Windows-ARM.ActiveCfg = Release|Any CPU
		{39A27BB2-35D9-49B2-B7B5-EB229315DA37}.Release|Windows-ARM.Build.0 = Release|Any CPU
		{39A27BB2-35D9-49B2-B7B5-EB229315DA37}.Release|Windows-x64.ActiveCfg = Release|Any CPU
		{39A27BB2-35D9-49B2-B7B5-EB229315DA37}.Release|Windows-x64.Build.0 = Release|Any CPU
		{39A27BB2-35D9-49B2-B7B5-EB229315DA37}.Release|Windows-x86.ActiveCfg = Release|Any CPU
		{39A27BB2-35D9-49B2-B7B5-EB229315DA37}.Release|Windows-x86.Build.0 = Release|Any CPU
		{BAA24E8D-8957-418F-9E0D-FCE3464D3A28}.Debug|Android.ActiveCfg = Debug|Any CPU
		{BAA24E8D-8957-418F-9E0D-FCE3464D3A28}.Debug|Android.Build.0 = Debug|Any CPU
		{BAA24E8D-8957-418F-9E0D-FCE3464D3A28}.Debug|Any CPU.ActiveCfg = Debug|Any CPU
		{BAA24E8D-8957-418F-9E0D-FCE3464D3A28}.Debug|Any CPU.Build.0 = Debug|Any CPU
		{BAA24E8D-8957-418F-9E0D-FCE3464D3A28}.Debug|iOS.ActiveCfg = Debug|Any CPU
		{BAA24E8D-8957-418F-9E0D-FCE3464D3A28}.Debug|iOS.Build.0 = Debug|Any CPU
		{BAA24E8D-8957-418F-9E0D-FCE3464D3A28}.Debug|Windows-AnyCPU.ActiveCfg = Debug|Any CPU
		{BAA24E8D-8957-418F-9E0D-FCE3464D3A28}.Debug|Windows-AnyCPU.Build.0 = Debug|Any CPU
		{BAA24E8D-8957-418F-9E0D-FCE3464D3A28}.Debug|Windows-ARM.ActiveCfg = Debug|Any CPU
		{BAA24E8D-8957-418F-9E0D-FCE3464D3A28}.Debug|Windows-ARM.Build.0 = Debug|Any CPU
		{BAA24E8D-8957-418F-9E0D-FCE3464D3A28}.Debug|Windows-x64.ActiveCfg = Debug|Any CPU
		{BAA24E8D-8957-418F-9E0D-FCE3464D3A28}.Debug|Windows-x64.Build.0 = Debug|Any CPU
		{BAA24E8D-8957-418F-9E0D-FCE3464D3A28}.Debug|Windows-x86.ActiveCfg = Debug|Any CPU
		{BAA24E8D-8957-418F-9E0D-FCE3464D3A28}.Debug|Windows-x86.Build.0 = Debug|Any CPU
		{BAA24E8D-8957-418F-9E0D-FCE3464D3A28}.Release|Android.ActiveCfg = Release|Any CPU
		{BAA24E8D-8957-418F-9E0D-FCE3464D3A28}.Release|Android.Build.0 = Release|Any CPU
		{BAA24E8D-8957-418F-9E0D-FCE3464D3A28}.Release|Any CPU.ActiveCfg = Release|Any CPU
		{BAA24E8D-8957-418F-9E0D-FCE3464D3A28}.Release|Any CPU.Build.0 = Release|Any CPU
		{BAA24E8D-8957-418F-9E0D-FCE3464D3A28}.Release|iOS.ActiveCfg = Release|Any CPU
		{BAA24E8D-8957-418F-9E0D-FCE3464D3A28}.Release|iOS.Build.0 = Release|Any CPU
		{BAA24E8D-8957-418F-9E0D-FCE3464D3A28}.Release|Windows-AnyCPU.ActiveCfg = Release|Any CPU
		{BAA24E8D-8957-418F-9E0D-FCE3464D3A28}.Release|Windows-AnyCPU.Build.0 = Release|Any CPU
		{BAA24E8D-8957-418F-9E0D-FCE3464D3A28}.Release|Windows-ARM.ActiveCfg = Release|Any CPU
		{BAA24E8D-8957-418F-9E0D-FCE3464D3A28}.Release|Windows-ARM.Build.0 = Release|Any CPU
		{BAA24E8D-8957-418F-9E0D-FCE3464D3A28}.Release|Windows-x64.ActiveCfg = Release|Any CPU
		{BAA24E8D-8957-418F-9E0D-FCE3464D3A28}.Release|Windows-x64.Build.0 = Release|Any CPU
		{BAA24E8D-8957-418F-9E0D-FCE3464D3A28}.Release|Windows-x86.ActiveCfg = Release|Any CPU
		{BAA24E8D-8957-418F-9E0D-FCE3464D3A28}.Release|Windows-x86.Build.0 = Release|Any CPU
		{CD82C782-B398-4411-A02A-C8955B9BB035}.Debug|Android.ActiveCfg = Debug|Any CPU
		{CD82C782-B398-4411-A02A-C8955B9BB035}.Debug|Android.Build.0 = Debug|Any CPU
		{CD82C782-B398-4411-A02A-C8955B9BB035}.Debug|Any CPU.ActiveCfg = Debug|Any CPU
		{CD82C782-B398-4411-A02A-C8955B9BB035}.Debug|Any CPU.Build.0 = Debug|Any CPU
		{CD82C782-B398-4411-A02A-C8955B9BB035}.Debug|iOS.ActiveCfg = Debug|Any CPU
		{CD82C782-B398-4411-A02A-C8955B9BB035}.Debug|iOS.Build.0 = Debug|Any CPU
		{CD82C782-B398-4411-A02A-C8955B9BB035}.Debug|Windows-AnyCPU.ActiveCfg = Debug|Any CPU
		{CD82C782-B398-4411-A02A-C8955B9BB035}.Debug|Windows-AnyCPU.Build.0 = Debug|Any CPU
		{CD82C782-B398-4411-A02A-C8955B9BB035}.Debug|Windows-ARM.ActiveCfg = Debug|Any CPU
		{CD82C782-B398-4411-A02A-C8955B9BB035}.Debug|Windows-ARM.Build.0 = Debug|Any CPU
		{CD82C782-B398-4411-A02A-C8955B9BB035}.Debug|Windows-x64.ActiveCfg = Debug|Any CPU
		{CD82C782-B398-4411-A02A-C8955B9BB035}.Debug|Windows-x64.Build.0 = Debug|Any CPU
		{CD82C782-B398-4411-A02A-C8955B9BB035}.Debug|Windows-x86.ActiveCfg = Debug|Any CPU
		{CD82C782-B398-4411-A02A-C8955B9BB035}.Debug|Windows-x86.Build.0 = Debug|Any CPU
		{CD82C782-B398-4411-A02A-C8955B9BB035}.Release|Android.ActiveCfg = Release|Any CPU
		{CD82C782-B398-4411-A02A-C8955B9BB035}.Release|Android.Build.0 = Release|Any CPU
		{CD82C782-B398-4411-A02A-C8955B9BB035}.Release|Any CPU.ActiveCfg = Release|Any CPU
		{CD82C782-B398-4411-A02A-C8955B9BB035}.Release|Any CPU.Build.0 = Release|Any CPU
		{CD82C782-B398-4411-A02A-C8955B9BB035}.Release|iOS.ActiveCfg = Release|Any CPU
		{CD82C782-B398-4411-A02A-C8955B9BB035}.Release|iOS.Build.0 = Release|Any CPU
		{CD82C782-B398-4411-A02A-C8955B9BB035}.Release|Windows-AnyCPU.ActiveCfg = Release|Any CPU
		{CD82C782-B398-4411-A02A-C8955B9BB035}.Release|Windows-AnyCPU.Build.0 = Release|Any CPU
		{CD82C782-B398-4411-A02A-C8955B9BB035}.Release|Windows-ARM.ActiveCfg = Release|Any CPU
		{CD82C782-B398-4411-A02A-C8955B9BB035}.Release|Windows-ARM.Build.0 = Release|Any CPU
		{CD82C782-B398-4411-A02A-C8955B9BB035}.Release|Windows-x64.ActiveCfg = Release|Any CPU
		{CD82C782-B398-4411-A02A-C8955B9BB035}.Release|Windows-x64.Build.0 = Release|Any CPU
		{CD82C782-B398-4411-A02A-C8955B9BB035}.Release|Windows-x86.ActiveCfg = Release|Any CPU
		{CD82C782-B398-4411-A02A-C8955B9BB035}.Release|Windows-x86.Build.0 = Release|Any CPU
		{65AF5A08-FB23-4FC5-81D7-38946BAA4809}.Debug|Android.ActiveCfg = Debug|Android
		{65AF5A08-FB23-4FC5-81D7-38946BAA4809}.Debug|Android.Build.0 = Debug|Android
		{65AF5A08-FB23-4FC5-81D7-38946BAA4809}.Debug|Android.Deploy.0 = Debug|Android
		{65AF5A08-FB23-4FC5-81D7-38946BAA4809}.Debug|Any CPU.ActiveCfg = Debug|Android
		{65AF5A08-FB23-4FC5-81D7-38946BAA4809}.Debug|iOS.ActiveCfg = Debug|iOS
		{65AF5A08-FB23-4FC5-81D7-38946BAA4809}.Debug|iOS.Build.0 = Debug|iOS
		{65AF5A08-FB23-4FC5-81D7-38946BAA4809}.Debug|iOS.Deploy.0 = Debug|iOS
		{65AF5A08-FB23-4FC5-81D7-38946BAA4809}.Debug|Windows-AnyCPU.ActiveCfg = Debug|Windows-AnyCPU
		{65AF5A08-FB23-4FC5-81D7-38946BAA4809}.Debug|Windows-AnyCPU.Build.0 = Debug|Windows-AnyCPU
		{65AF5A08-FB23-4FC5-81D7-38946BAA4809}.Debug|Windows-AnyCPU.Deploy.0 = Debug|Windows-AnyCPU
		{65AF5A08-FB23-4FC5-81D7-38946BAA4809}.Debug|Windows-ARM.ActiveCfg = Debug|Windows-ARM
		{65AF5A08-FB23-4FC5-81D7-38946BAA4809}.Debug|Windows-ARM.Build.0 = Debug|Windows-ARM
		{65AF5A08-FB23-4FC5-81D7-38946BAA4809}.Debug|Windows-ARM.Deploy.0 = Debug|Windows-ARM
		{65AF5A08-FB23-4FC5-81D7-38946BAA4809}.Debug|Windows-x64.ActiveCfg = Debug|Windows-x64
		{65AF5A08-FB23-4FC5-81D7-38946BAA4809}.Debug|Windows-x64.Build.0 = Debug|Windows-x64
		{65AF5A08-FB23-4FC5-81D7-38946BAA4809}.Debug|Windows-x64.Deploy.0 = Debug|Windows-x64
		{65AF5A08-FB23-4FC5-81D7-38946BAA4809}.Debug|Windows-x86.ActiveCfg = Debug|Windows-x86
		{65AF5A08-FB23-4FC5-81D7-38946BAA4809}.Debug|Windows-x86.Build.0 = Debug|Windows-x86
		{65AF5A08-FB23-4FC5-81D7-38946BAA4809}.Debug|Windows-x86.Deploy.0 = Debug|Windows-x86
		{65AF5A08-FB23-4FC5-81D7-38946BAA4809}.Release|Android.ActiveCfg = Release|Android
		{65AF5A08-FB23-4FC5-81D7-38946BAA4809}.Release|Android.Build.0 = Release|Android
		{65AF5A08-FB23-4FC5-81D7-38946BAA4809}.Release|Android.Deploy.0 = Release|Android
		{65AF5A08-FB23-4FC5-81D7-38946BAA4809}.Release|Any CPU.ActiveCfg = Release|Android
		{65AF5A08-FB23-4FC5-81D7-38946BAA4809}.Release|iOS.ActiveCfg = Release|iOS
		{65AF5A08-FB23-4FC5-81D7-38946BAA4809}.Release|iOS.Build.0 = Release|iOS
		{65AF5A08-FB23-4FC5-81D7-38946BAA4809}.Release|iOS.Deploy.0 = Release|iOS
		{65AF5A08-FB23-4FC5-81D7-38946BAA4809}.Release|Windows-AnyCPU.ActiveCfg = Release|Windows-AnyCPU
		{65AF5A08-FB23-4FC5-81D7-38946BAA4809}.Release|Windows-AnyCPU.Build.0 = Release|Windows-AnyCPU
		{65AF5A08-FB23-4FC5-81D7-38946BAA4809}.Release|Windows-AnyCPU.Deploy.0 = Release|Windows-AnyCPU
		{65AF5A08-FB23-4FC5-81D7-38946BAA4809}.Release|Windows-ARM.ActiveCfg = Release|Windows-ARM
		{65AF5A08-FB23-4FC5-81D7-38946BAA4809}.Release|Windows-ARM.Build.0 = Release|Windows-ARM
		{65AF5A08-FB23-4FC5-81D7-38946BAA4809}.Release|Windows-ARM.Deploy.0 = Release|Windows-ARM
		{65AF5A08-FB23-4FC5-81D7-38946BAA4809}.Release|Windows-x64.ActiveCfg = Release|Windows-x64
		{65AF5A08-FB23-4FC5-81D7-38946BAA4809}.Release|Windows-x64.Build.0 = Release|Windows-x64
		{65AF5A08-FB23-4FC5-81D7-38946BAA4809}.Release|Windows-x64.Deploy.0 = Release|Windows-x64
		{65AF5A08-FB23-4FC5-81D7-38946BAA4809}.Release|Windows-x86.ActiveCfg = Release|Windows-x86
		{65AF5A08-FB23-4FC5-81D7-38946BAA4809}.Release|Windows-x86.Build.0 = Release|Windows-x86
		{65AF5A08-FB23-4FC5-81D7-38946BAA4809}.Release|Windows-x86.Deploy.0 = Release|Windows-x86
		{549CBA80-397B-4F8E-BB0E-5944E9D7E7DD}.Debug|Android.ActiveCfg = Debug|Android
		{549CBA80-397B-4F8E-BB0E-5944E9D7E7DD}.Debug|Android.Build.0 = Debug|Android
		{549CBA80-397B-4F8E-BB0E-5944E9D7E7DD}.Debug|Android.Deploy.0 = Debug|Android
		{549CBA80-397B-4F8E-BB0E-5944E9D7E7DD}.Debug|Any CPU.ActiveCfg = Debug|Android
		{549CBA80-397B-4F8E-BB0E-5944E9D7E7DD}.Debug|iOS.ActiveCfg = Debug|iOS
		{549CBA80-397B-4F8E-BB0E-5944E9D7E7DD}.Debug|iOS.Build.0 = Debug|iOS
		{549CBA80-397B-4F8E-BB0E-5944E9D7E7DD}.Debug|iOS.Deploy.0 = Debug|iOS
		{549CBA80-397B-4F8E-BB0E-5944E9D7E7DD}.Debug|Windows-AnyCPU.ActiveCfg = Debug|Windows-AnyCPU
		{549CBA80-397B-4F8E-BB0E-5944E9D7E7DD}.Debug|Windows-AnyCPU.Build.0 = Debug|Windows-AnyCPU
		{549CBA80-397B-4F8E-BB0E-5944E9D7E7DD}.Debug|Windows-AnyCPU.Deploy.0 = Debug|Windows-AnyCPU
		{549CBA80-397B-4F8E-BB0E-5944E9D7E7DD}.Debug|Windows-ARM.ActiveCfg = Debug|Windows-ARM
		{549CBA80-397B-4F8E-BB0E-5944E9D7E7DD}.Debug|Windows-ARM.Build.0 = Debug|Windows-ARM
		{549CBA80-397B-4F8E-BB0E-5944E9D7E7DD}.Debug|Windows-ARM.Deploy.0 = Debug|Windows-ARM
		{549CBA80-397B-4F8E-BB0E-5944E9D7E7DD}.Debug|Windows-x64.ActiveCfg = Debug|Windows-x64
		{549CBA80-397B-4F8E-BB0E-5944E9D7E7DD}.Debug|Windows-x64.Build.0 = Debug|Windows-x64
		{549CBA80-397B-4F8E-BB0E-5944E9D7E7DD}.Debug|Windows-x64.Deploy.0 = Debug|Windows-x64
		{549CBA80-397B-4F8E-BB0E-5944E9D7E7DD}.Debug|Windows-x86.ActiveCfg = Debug|Windows-x86
		{549CBA80-397B-4F8E-BB0E-5944E9D7E7DD}.Debug|Windows-x86.Build.0 = Debug|Windows-x86
		{549CBA80-397B-4F8E-BB0E-5944E9D7E7DD}.Debug|Windows-x86.Deploy.0 = Debug|Windows-x86
		{549CBA80-397B-4F8E-BB0E-5944E9D7E7DD}.Release|Android.ActiveCfg = Release|Android
		{549CBA80-397B-4F8E-BB0E-5944E9D7E7DD}.Release|Android.Build.0 = Release|Android
		{549CBA80-397B-4F8E-BB0E-5944E9D7E7DD}.Release|Android.Deploy.0 = Release|Android
		{549CBA80-397B-4F8E-BB0E-5944E9D7E7DD}.Release|Any CPU.ActiveCfg = Release|Android
		{549CBA80-397B-4F8E-BB0E-5944E9D7E7DD}.Release|iOS.ActiveCfg = Release|iOS
		{549CBA80-397B-4F8E-BB0E-5944E9D7E7DD}.Release|iOS.Build.0 = Release|iOS
		{549CBA80-397B-4F8E-BB0E-5944E9D7E7DD}.Release|iOS.Deploy.0 = Release|iOS
		{549CBA80-397B-4F8E-BB0E-5944E9D7E7DD}.Release|Windows-AnyCPU.ActiveCfg = Release|Windows-AnyCPU
		{549CBA80-397B-4F8E-BB0E-5944E9D7E7DD}.Release|Windows-AnyCPU.Build.0 = Release|Windows-AnyCPU
		{549CBA80-397B-4F8E-BB0E-5944E9D7E7DD}.Release|Windows-AnyCPU.Deploy.0 = Release|Windows-AnyCPU
		{549CBA80-397B-4F8E-BB0E-5944E9D7E7DD}.Release|Windows-ARM.ActiveCfg = Release|Windows-ARM
		{549CBA80-397B-4F8E-BB0E-5944E9D7E7DD}.Release|Windows-ARM.Build.0 = Release|Windows-ARM
		{549CBA80-397B-4F8E-BB0E-5944E9D7E7DD}.Release|Windows-ARM.Deploy.0 = Release|Windows-ARM
		{549CBA80-397B-4F8E-BB0E-5944E9D7E7DD}.Release|Windows-x64.ActiveCfg = Release|Windows-x64
		{549CBA80-397B-4F8E-BB0E-5944E9D7E7DD}.Release|Windows-x64.Build.0 = Release|Windows-x64
		{549CBA80-397B-4F8E-BB0E-5944E9D7E7DD}.Release|Windows-x64.Deploy.0 = Release|Windows-x64
		{549CBA80-397B-4F8E-BB0E-5944E9D7E7DD}.Release|Windows-x86.ActiveCfg = Release|Windows-x86
		{549CBA80-397B-4F8E-BB0E-5944E9D7E7DD}.Release|Windows-x86.Build.0 = Release|Windows-x86
		{549CBA80-397B-4F8E-BB0E-5944E9D7E7DD}.Release|Windows-x86.Deploy.0 = Release|Windows-x86
		{FFA7E25A-0535-4B25-9E61-95B70D73B174}.Debug|Android.ActiveCfg = Debug|Any CPU
		{FFA7E25A-0535-4B25-9E61-95B70D73B174}.Debug|Android.Build.0 = Debug|Any CPU
		{FFA7E25A-0535-4B25-9E61-95B70D73B174}.Debug|Any CPU.ActiveCfg = Debug|Any CPU
		{FFA7E25A-0535-4B25-9E61-95B70D73B174}.Debug|Any CPU.Build.0 = Debug|Any CPU
		{FFA7E25A-0535-4B25-9E61-95B70D73B174}.Debug|iOS.ActiveCfg = Debug|Any CPU
		{FFA7E25A-0535-4B25-9E61-95B70D73B174}.Debug|iOS.Build.0 = Debug|Any CPU
		{FFA7E25A-0535-4B25-9E61-95B70D73B174}.Debug|Windows-AnyCPU.ActiveCfg = Debug|Any CPU
		{FFA7E25A-0535-4B25-9E61-95B70D73B174}.Debug|Windows-AnyCPU.Build.0 = Debug|Any CPU
		{FFA7E25A-0535-4B25-9E61-95B70D73B174}.Debug|Windows-ARM.ActiveCfg = Debug|Any CPU
		{FFA7E25A-0535-4B25-9E61-95B70D73B174}.Debug|Windows-ARM.Build.0 = Debug|Any CPU
		{FFA7E25A-0535-4B25-9E61-95B70D73B174}.Debug|Windows-x64.ActiveCfg = Debug|Any CPU
		{FFA7E25A-0535-4B25-9E61-95B70D73B174}.Debug|Windows-x64.Build.0 = Debug|Any CPU
		{FFA7E25A-0535-4B25-9E61-95B70D73B174}.Debug|Windows-x86.ActiveCfg = Debug|Any CPU
		{FFA7E25A-0535-4B25-9E61-95B70D73B174}.Debug|Windows-x86.Build.0 = Debug|Any CPU
		{FFA7E25A-0535-4B25-9E61-95B70D73B174}.Release|Android.ActiveCfg = Release|Any CPU
		{FFA7E25A-0535-4B25-9E61-95B70D73B174}.Release|Android.Build.0 = Release|Any CPU
		{FFA7E25A-0535-4B25-9E61-95B70D73B174}.Release|Any CPU.ActiveCfg = Release|Any CPU
		{FFA7E25A-0535-4B25-9E61-95B70D73B174}.Release|Any CPU.Build.0 = Release|Any CPU
		{FFA7E25A-0535-4B25-9E61-95B70D73B174}.Release|iOS.ActiveCfg = Release|Any CPU
		{FFA7E25A-0535-4B25-9E61-95B70D73B174}.Release|iOS.Build.0 = Release|Any CPU
		{FFA7E25A-0535-4B25-9E61-95B70D73B174}.Release|Windows-AnyCPU.ActiveCfg = Release|Any CPU
		{FFA7E25A-0535-4B25-9E61-95B70D73B174}.Release|Windows-AnyCPU.Build.0 = Release|Any CPU
		{FFA7E25A-0535-4B25-9E61-95B70D73B174}.Release|Windows-ARM.ActiveCfg = Release|Any CPU
		{FFA7E25A-0535-4B25-9E61-95B70D73B174}.Release|Windows-ARM.Build.0 = Release|Any CPU
		{FFA7E25A-0535-4B25-9E61-95B70D73B174}.Release|Windows-x64.ActiveCfg = Release|Any CPU
		{FFA7E25A-0535-4B25-9E61-95B70D73B174}.Release|Windows-x64.Build.0 = Release|Any CPU
		{FFA7E25A-0535-4B25-9E61-95B70D73B174}.Release|Windows-x86.ActiveCfg = Release|Any CPU
		{FFA7E25A-0535-4B25-9E61-95B70D73B174}.Release|Windows-x86.Build.0 = Release|Any CPU
		{373D9795-4B0E-4A37-8242-A52E0A017A6B}.Debug|Android.ActiveCfg = Debug|Any CPU
		{373D9795-4B0E-4A37-8242-A52E0A017A6B}.Debug|Android.Build.0 = Debug|Any CPU
		{373D9795-4B0E-4A37-8242-A52E0A017A6B}.Debug|Any CPU.ActiveCfg = Debug|Any CPU
		{373D9795-4B0E-4A37-8242-A52E0A017A6B}.Debug|Any CPU.Build.0 = Debug|Any CPU
		{373D9795-4B0E-4A37-8242-A52E0A017A6B}.Debug|iOS.ActiveCfg = Debug|Any CPU
		{373D9795-4B0E-4A37-8242-A52E0A017A6B}.Debug|iOS.Build.0 = Debug|Any CPU
		{373D9795-4B0E-4A37-8242-A52E0A017A6B}.Debug|Windows-AnyCPU.ActiveCfg = Debug|Any CPU
		{373D9795-4B0E-4A37-8242-A52E0A017A6B}.Debug|Windows-AnyCPU.Build.0 = Debug|Any CPU
		{373D9795-4B0E-4A37-8242-A52E0A017A6B}.Debug|Windows-ARM.ActiveCfg = Debug|Any CPU
		{373D9795-4B0E-4A37-8242-A52E0A017A6B}.Debug|Windows-ARM.Build.0 = Debug|Any CPU
		{373D9795-4B0E-4A37-8242-A52E0A017A6B}.Debug|Windows-x64.ActiveCfg = Debug|Any CPU
		{373D9795-4B0E-4A37-8242-A52E0A017A6B}.Debug|Windows-x64.Build.0 = Debug|Any CPU
		{373D9795-4B0E-4A37-8242-A52E0A017A6B}.Debug|Windows-x86.ActiveCfg = Debug|Any CPU
		{373D9795-4B0E-4A37-8242-A52E0A017A6B}.Debug|Windows-x86.Build.0 = Debug|Any CPU
		{373D9795-4B0E-4A37-8242-A52E0A017A6B}.Release|Android.ActiveCfg = Release|Any CPU
		{373D9795-4B0E-4A37-8242-A52E0A017A6B}.Release|Android.Build.0 = Release|Any CPU
		{373D9795-4B0E-4A37-8242-A52E0A017A6B}.Release|Any CPU.ActiveCfg = Release|Any CPU
		{373D9795-4B0E-4A37-8242-A52E0A017A6B}.Release|Any CPU.Build.0 = Release|Any CPU
		{373D9795-4B0E-4A37-8242-A52E0A017A6B}.Release|iOS.ActiveCfg = Release|Any CPU
		{373D9795-4B0E-4A37-8242-A52E0A017A6B}.Release|iOS.Build.0 = Release|Any CPU
		{373D9795-4B0E-4A37-8242-A52E0A017A6B}.Release|Windows-AnyCPU.ActiveCfg = Release|Any CPU
		{373D9795-4B0E-4A37-8242-A52E0A017A6B}.Release|Windows-AnyCPU.Build.0 = Release|Any CPU
		{373D9795-4B0E-4A37-8242-A52E0A017A6B}.Release|Windows-ARM.ActiveCfg = Release|Any CPU
		{373D9795-4B0E-4A37-8242-A52E0A017A6B}.Release|Windows-ARM.Build.0 = Release|Any CPU
		{373D9795-4B0E-4A37-8242-A52E0A017A6B}.Release|Windows-x64.ActiveCfg = Release|Any CPU
		{373D9795-4B0E-4A37-8242-A52E0A017A6B}.Release|Windows-x64.Build.0 = Release|Any CPU
		{373D9795-4B0E-4A37-8242-A52E0A017A6B}.Release|Windows-x86.ActiveCfg = Release|Any CPU
		{373D9795-4B0E-4A37-8242-A52E0A017A6B}.Release|Windows-x86.Build.0 = Release|Any CPU
	EndGlobalSection
	GlobalSection(SolutionProperties) = preSolution
		HideSolutionNode = FALSE
	EndGlobalSection
	GlobalSection(ExtensibilityGlobals) = postSolution
		SolutionGuid = {86B0E118-2F24-49F5-BBBD-3446BEA498E5}
		VisualSVNWorkingCopyRoot = .
	EndGlobalSection
EndGlobal
